# This file is automatically @generated by Cargo.
# It is not intended for manual editing.
version = 3

[[package]]
name = "cfg-if"
version = "1.0.0"
source = "registry+https://github.com/rust-lang/crates.io-index"
checksum = "baf1de4339761588bc0619e3cbc0120ee582ebb74b53b4efbf79117bd2da40fd"

[[package]]
name = "lz4_flex"
version = "0.8.2"
source = "registry+https://github.com/rust-lang/crates.io-index"
checksum = "5827b976d911b5d2e42b2ccfc7c0d2461a1414e8280436885218762fc529b3f8"
dependencies = [
 "twox-hash",
]

[[package]]
name = "lz4jb"
version = "0.1.0"
dependencies = [
 "lz4_flex",
 "twox-hash",
]

[[package]]
name = "static_assertions"
version = "1.1.0"
source = "registry+https://github.com/rust-lang/crates.io-index"
checksum = "a2eb9349b6444b326872e140eb1cf5e7c522154d69e7a0ffb0fb81c06b37543f"

[[package]]
name = "twox-hash"
version = "1.6.1"
source = "registry+https://github.com/rust-lang/crates.io-index"
checksum = "1f559b464de2e2bdabcac6a210d12e9b5a5973c251e102c44c585c71d51bd78e"
dependencies = [
 "cfg-if",
 "static_assertions",
]
