# This file is automatically @generated by Cargo.
# It is not intended for manual editing.
version = 3

[[package]]
name = "cc"
version = "1.0.71"
source = "registry+https://github.com/rust-lang/crates.io-index"
checksum = "79c2681d6594606957bbb8631c4b90a7fcaaa72cdb714743a437b156d6a7eedd"

[[package]]
name = "cfg-if"
version = "1.0.0"
source = "registry+https://github.com/rust-lang/crates.io-index"
checksum = "baf1de4339761588bc0619e3cbc0120ee582ebb74b53b4efbf79117bd2da40fd"

[[package]]
name = "libc"
version = "0.2.106"
source = "registry+https://github.com/rust-lang/crates.io-index"
checksum = "a60553f9a9e039a333b4e9b20573b9e9b9c0bb3a11e201ccc48ef4283456d673"

[[package]]
name = "lz4-sys"
version = "1.9.2"
source = "registry+https://github.com/rust-lang/crates.io-index"
checksum = "dca79aa95d8b3226213ad454d328369853be3a1382d89532a854f4d69640acae"
dependencies = [
 "cc",
 "libc",
]

[[package]]
name = "lz4_flex"
version = "0.8.2"
source = "registry+https://github.com/rust-lang/crates.io-index"
checksum = "5827b976d911b5d2e42b2ccfc7c0d2461a1414e8280436885218762fc529b3f8"
dependencies = [
 "twox-hash",
]

[[package]]
name = "lz4jb"
version = "0.1.0"
dependencies = [
 "libc",
 "lz4-sys",
 "lz4_flex",
 "twox-hash",
]

[[package]]
name = "static_assertions"
version = "1.1.0"
source = "registry+https://github.com/rust-lang/crates.io-index"
checksum = "a2eb9349b6444b326872e140eb1cf5e7c522154d69e7a0ffb0fb81c06b37543f"

[[package]]
name = "twox-hash"
version = "1.6.1"
source = "registry+https://github.com/rust-lang/crates.io-index"
checksum = "1f559b464de2e2bdabcac6a210d12e9b5a5973c251e102c44c585c71d51bd78e"
dependencies = [
 "cfg-if",
 "static_assertions",
]
